// !$*UTF8*$!
{
	archiveVersion = 1;
	classes = {
	};
	objectVersion = 48;
	objects = {

/* Begin PBXBuildFile section */
		4503D6021FDA8C8E00C740A3 /* AppDelegate.swift in Sources */ = {isa = PBXBuildFile; fileRef = 4503D6011FDA8C8E00C740A3 /* AppDelegate.swift */; };
		4503D6091FDA8C8E00C740A3 /* Assets.xcassets in Resources */ = {isa = PBXBuildFile; fileRef = 4503D6081FDA8C8E00C740A3 /* Assets.xcassets */; };
		4503D60C1FDA8C8E00C740A3 /* LaunchScreen.storyboard in Resources */ = {isa = PBXBuildFile; fileRef = 4503D60A1FDA8C8E00C740A3 /* LaunchScreen.storyboard */; };
		4503D6151FDA8CC200C740A3 /* MainViewController.swift in Sources */ = {isa = PBXBuildFile; fileRef = 4503D6131FDA8CC200C740A3 /* MainViewController.swift */; };
		4503D6161FDA8CC200C740A3 /* MainViewController.xib in Resources */ = {isa = PBXBuildFile; fileRef = 4503D6141FDA8CC200C740A3 /* MainViewController.xib */; };
		45B6FE632011E9390049AFF8 /* PhotosViewController.swift in Sources */ = {isa = PBXBuildFile; fileRef = 45B6FE612011E9390049AFF8 /* PhotosViewController.swift */; };
		45B6FE642011E9390049AFF8 /* PhotosViewController.xib in Resources */ = {isa = PBXBuildFile; fileRef = 45B6FE622011E9390049AFF8 /* PhotosViewController.xib */; };
		BF70CA8D200F50A300B5DB41 /* GoogleService-Info.plist in Resources */ = {isa = PBXBuildFile; fileRef = BF70CA8C200F50A300B5DB41 /* GoogleService-Info.plist */; };
		EB8775C5575762804753BF9E /* Pods_PixelMe.framework in Frameworks */ = {isa = PBXBuildFile; fileRef = EEC740402096819BEDD525AE /* Pods_PixelMe.framework */; };
/* End PBXBuildFile section */

/* Begin PBXFileReference section */
		424E377DB388B8DEA9FA200D /* Pods-PixelMe.debug.xcconfig */ = {isa = PBXFileReference; includeInIndex = 1; lastKnownFileType = text.xcconfig; name = "Pods-PixelMe.debug.xcconfig"; path = "Pods/Target Support Files/Pods-PixelMe/Pods-PixelMe.debug.xcconfig"; sourceTree = "<group>"; };
		4503D5FE1FDA8C8E00C740A3 /* PixelMe.app */ = {isa = PBXFileReference; explicitFileType = wrapper.application; includeInIndex = 0; path = PixelMe.app; sourceTree = BUILT_PRODUCTS_DIR; };
		4503D6011FDA8C8E00C740A3 /* AppDelegate.swift */ = {isa = PBXFileReference; lastKnownFileType = sourcecode.swift; path = AppDelegate.swift; sourceTree = "<group>"; };
		4503D6081FDA8C8E00C740A3 /* Assets.xcassets */ = {isa = PBXFileReference; lastKnownFileType = folder.assetcatalog; path = Assets.xcassets; sourceTree = "<group>"; };
		4503D60B1FDA8C8E00C740A3 /* Base */ = {isa = PBXFileReference; lastKnownFileType = file.storyboard; name = Base; path = Base.lproj/LaunchScreen.storyboard; sourceTree = "<group>"; };
		4503D60D1FDA8C8E00C740A3 /* Info.plist */ = {isa = PBXFileReference; lastKnownFileType = text.plist.xml; path = Info.plist; sourceTree = "<group>"; };
		4503D6131FDA8CC200C740A3 /* MainViewController.swift */ = {isa = PBXFileReference; lastKnownFileType = sourcecode.swift; path = MainViewController.swift; sourceTree = "<group>"; };
		4503D6141FDA8CC200C740A3 /* MainViewController.xib */ = {isa = PBXFileReference; lastKnownFileType = file.xib; path = MainViewController.xib; sourceTree = "<group>"; };
		45B6FE612011E9390049AFF8 /* PhotosViewController.swift */ = {isa = PBXFileReference; lastKnownFileType = sourcecode.swift; path = PhotosViewController.swift; sourceTree = "<group>"; };
		45B6FE622011E9390049AFF8 /* PhotosViewController.xib */ = {isa = PBXFileReference; lastKnownFileType = file.xib; path = PhotosViewController.xib; sourceTree = "<group>"; };
		8B8BB7CD57A0512877D0CBDD /* Pods-PixelMe.release.xcconfig */ = {isa = PBXFileReference; includeInIndex = 1; lastKnownFileType = text.xcconfig; name = "Pods-PixelMe.release.xcconfig"; path = "Pods/Target Support Files/Pods-PixelMe/Pods-PixelMe.release.xcconfig"; sourceTree = "<group>"; };
		BF70CA8C200F50A300B5DB41 /* GoogleService-Info.plist */ = {isa = PBXFileReference; fileEncoding = 4; lastKnownFileType = text.plist.xml; name = "GoogleService-Info.plist"; path = "../GoogleService-Info.plist"; sourceTree = "<group>"; };
		EEC740402096819BEDD525AE /* Pods_PixelMe.framework */ = {isa = PBXFileReference; explicitFileType = wrapper.framework; includeInIndex = 0; path = Pods_PixelMe.framework; sourceTree = BUILT_PRODUCTS_DIR; };
/* End PBXFileReference section */

/* Begin PBXFrameworksBuildPhase section */
		4503D5FB1FDA8C8E00C740A3 /* Frameworks */ = {
			isa = PBXFrameworksBuildPhase;
			buildActionMask = 2147483647;
			files = (
				EB8775C5575762804753BF9E /* Pods_PixelMe.framework in Frameworks */,
			);
			runOnlyForDeploymentPostprocessing = 0;
		};
/* End PBXFrameworksBuildPhase section */

/* Begin PBXGroup section */
		0DDC078019B83F1A41589D1E /* Pods */ = {
			isa = PBXGroup;
			children = (
				424E377DB388B8DEA9FA200D /* Pods-PixelMe.debug.xcconfig */,
				8B8BB7CD57A0512877D0CBDD /* Pods-PixelMe.release.xcconfig */,
			);
			name = Pods;
			sourceTree = "<group>";
		};
		4503D5F51FDA8C8E00C740A3 = {
			isa = PBXGroup;
			children = (
				4503D6001FDA8C8E00C740A3 /* PixelMe */,
				4503D5FF1FDA8C8E00C740A3 /* Products */,
				0DDC078019B83F1A41589D1E /* Pods */,
				B7929A32B8557E068E5A3C23 /* Frameworks */,
			);
			sourceTree = "<group>";
		};
		4503D5FF1FDA8C8E00C740A3 /* Products */ = {
			isa = PBXGroup;
			children = (
				4503D5FE1FDA8C8E00C740A3 /* PixelMe.app */,
			);
			name = Products;
			sourceTree = "<group>";
		};
		4503D6001FDA8C8E00C740A3 /* PixelMe */ = {
			isa = PBXGroup;
			children = (
				BF70CA8C200F50A300B5DB41 /* GoogleService-Info.plist */,
				4503D6011FDA8C8E00C740A3 /* AppDelegate.swift */,
				4503D6081FDA8C8E00C740A3 /* Assets.xcassets */,
				4503D60A1FDA8C8E00C740A3 /* LaunchScreen.storyboard */,
				4503D60D1FDA8C8E00C740A3 /* Info.plist */,
				4503D6131FDA8CC200C740A3 /* MainViewController.swift */,
				4503D6141FDA8CC200C740A3 /* MainViewController.xib */,
				45B6FE612011E9390049AFF8 /* PhotosViewController.swift */,
				45B6FE622011E9390049AFF8 /* PhotosViewController.xib */,
			);
			path = PixelMe;
			sourceTree = "<group>";
		};
		B7929A32B8557E068E5A3C23 /* Frameworks */ = {
			isa = PBXGroup;
			children = (
				EEC740402096819BEDD525AE /* Pods_PixelMe.framework */,
			);
			name = Frameworks;
			sourceTree = "<group>";
		};
/* End PBXGroup section */

/* Begin PBXNativeTarget section */
		4503D5FD1FDA8C8E00C740A3 /* PixelMe */ = {
			isa = PBXNativeTarget;
			buildConfigurationList = 4503D6101FDA8C8E00C740A3 /* Build configuration list for PBXNativeTarget "PixelMe" */;
			buildPhases = (
				7277E1D3F4D1CEE2F0D92922 /* [CP] Check Pods Manifest.lock */,
				4503D5FA1FDA8C8E00C740A3 /* Sources */,
				4503D5FB1FDA8C8E00C740A3 /* Frameworks */,
				4503D5FC1FDA8C8E00C740A3 /* Resources */,
				FBD45C4EA69B614D0F70D12E /* [CP] Embed Pods Frameworks */,
				91D48279252CDDC3346A4CDC /* [CP] Copy Pods Resources */,
			);
			buildRules = (
			);
			dependencies = (
			);
			name = PixelMe;
			productName = PixelMe;
			productReference = 4503D5FE1FDA8C8E00C740A3 /* PixelMe.app */;
			productType = "com.apple.product-type.application";
		};
/* End PBXNativeTarget section */

/* Begin PBXProject section */
		4503D5F61FDA8C8E00C740A3 /* Project object */ = {
			isa = PBXProject;
			attributes = {
				LastSwiftUpdateCheck = 0920;
				LastUpgradeCheck = 0920;
				ORGANIZATIONNAME = "Thomas Pain-Surget";
				TargetAttributes = {
					4503D5FD1FDA8C8E00C740A3 = {
						CreatedOnToolsVersion = 9.2;
						ProvisioningStyle = Automatic;
					};
				};
			};
			buildConfigurationList = 4503D5F91FDA8C8E00C740A3 /* Build configuration list for PBXProject "PixelMe" */;
			compatibilityVersion = "Xcode 8.0";
			developmentRegion = en;
			hasScannedForEncodings = 0;
			knownRegions = (
				en,
				Base,
			);
			mainGroup = 4503D5F51FDA8C8E00C740A3;
			productRefGroup = 4503D5FF1FDA8C8E00C740A3 /* Products */;
			projectDirPath = "";
			projectRoot = "";
			targets = (
				4503D5FD1FDA8C8E00C740A3 /* PixelMe */,
			);
		};
/* End PBXProject section */

/* Begin PBXResourcesBuildPhase section */
		4503D5FC1FDA8C8E00C740A3 /* Resources */ = {
			isa = PBXResourcesBuildPhase;
			buildActionMask = 2147483647;
			files = (
				4503D60C1FDA8C8E00C740A3 /* LaunchScreen.storyboard in Resources */,
				BF70CA8D200F50A300B5DB41 /* GoogleService-Info.plist in Resources */,
				4503D6161FDA8CC200C740A3 /* MainViewController.xib in Resources */,
				45B6FE642011E9390049AFF8 /* PhotosViewController.xib in Resources */,
				4503D6091FDA8C8E00C740A3 /* Assets.xcassets in Resources */,
			);
			runOnlyForDeploymentPostprocessing = 0;
		};
/* End PBXResourcesBuildPhase section */

/* Begin PBXShellScriptBuildPhase section */
		7277E1D3F4D1CEE2F0D92922 /* [CP] Check Pods Manifest.lock */ = {
			isa = PBXShellScriptBuildPhase;
			buildActionMask = 2147483647;
			files = (
			);
			inputPaths = (
				"${PODS_PODFILE_DIR_PATH}/Podfile.lock",
				"${PODS_ROOT}/Manifest.lock",
			);
			name = "[CP] Check Pods Manifest.lock";
			outputPaths = (
				"$(DERIVED_FILE_DIR)/Pods-PixelMe-checkManifestLockResult.txt",
			);
			runOnlyForDeploymentPostprocessing = 0;
			shellPath = /bin/sh;
			shellScript = "diff \"${PODS_PODFILE_DIR_PATH}/Podfile.lock\" \"${PODS_ROOT}/Manifest.lock\" > /dev/null\nif [ $? != 0 ] ; then\n    # print error to STDERR\n    echo \"error: The sandbox is not in sync with the Podfile.lock. Run 'pod install' or update your CocoaPods installation.\" >&2\n    exit 1\nfi\n# This output is used by Xcode 'outputs' to avoid re-running this script phase.\necho \"SUCCESS\" > \"${SCRIPT_OUTPUT_FILE_0}\"\n";
			showEnvVarsInLog = 0;
		};
		91D48279252CDDC3346A4CDC /* [CP] Copy Pods Resources */ = {
			isa = PBXShellScriptBuildPhase;
			buildActionMask = 2147483647;
			files = (
			);
			inputPaths = (
			);
			name = "[CP] Copy Pods Resources";
			outputPaths = (
			);
			runOnlyForDeploymentPostprocessing = 0;
			shellPath = /bin/sh;
			shellScript = "\"${SRCROOT}/Pods/Target Support Files/Pods-PixelMe/Pods-PixelMe-resources.sh\"\n";
			showEnvVarsInLog = 0;
		};
		FBD45C4EA69B614D0F70D12E /* [CP] Embed Pods Frameworks */ = {
			isa = PBXShellScriptBuildPhase;
			buildActionMask = 2147483647;
			files = (
			);
			inputPaths = (
				"${SRCROOT}/Pods/Target Support Files/Pods-PixelMe/Pods-PixelMe-frameworks.sh",
				"${BUILT_PRODUCTS_DIR}/GTMSessionFetcher/GTMSessionFetcher.framework",
				"${BUILT_PRODUCTS_DIR}/GoogleToolboxForMac/GoogleToolboxForMac.framework",
				"${BUILT_PRODUCTS_DIR}/leveldb-library/leveldb.framework",
				"${BUILT_PRODUCTS_DIR}/nanopb/nanopb.framework",
			);
			name = "[CP] Embed Pods Frameworks";
			outputPaths = (
				"${TARGET_BUILD_DIR}/${FRAMEWORKS_FOLDER_PATH}/GTMSessionFetcher.framework",
				"${TARGET_BUILD_DIR}/${FRAMEWORKS_FOLDER_PATH}/GoogleToolboxForMac.framework",
				"${TARGET_BUILD_DIR}/${FRAMEWORKS_FOLDER_PATH}/leveldb.framework",
				"${TARGET_BUILD_DIR}/${FRAMEWORKS_FOLDER_PATH}/nanopb.framework",
			);
			runOnlyForDeploymentPostprocessing = 0;
			shellPath = /bin/sh;
			shellScript = "\"${SRCROOT}/Pods/Target Support Files/Pods-PixelMe/Pods-PixelMe-frameworks.sh\"\n";
			showEnvVarsInLog = 0;
		};
/* End PBXShellScriptBuildPhase section */

/* Begin PBXSourcesBuildPhase section */
		4503D5FA1FDA8C8E00C740A3 /* Sources */ = {
			isa = PBXSourcesBuildPhase;
			buildActionMask = 2147483647;
			files = (
				45B6FE632011E9390049AFF8 /* PhotosViewController.swift in Sources */,
				4503D6021FDA8C8E00C740A3 /* AppDelegate.swift in Sources */,
				4503D6151FDA8CC200C740A3 /* MainViewController.swift in Sources */,
			);
			runOnlyForDeploymentPostprocessing = 0;
		};
/* End PBXSourcesBuildPhase section */

/* Begin PBXVariantGroup section */
		4503D60A1FDA8C8E00C740A3 /* LaunchScreen.storyboard */ = {
			isa = PBXVariantGroup;
			children = (
				4503D60B1FDA8C8E00C740A3 /* Base */,
			);
			name = LaunchScreen.storyboard;
			sourceTree = "<group>";
		};
/* End PBXVariantGroup section */

/* Begin XCBuildConfiguration section */
		4503D60E1FDA8C8E00C740A3 /* Debug */ = {
			isa = XCBuildConfiguration;
			buildSettings = {
				ALWAYS_SEARCH_USER_PATHS = NO;
				CLANG_ANALYZER_NONNULL = YES;
				CLANG_ANALYZER_NUMBER_OBJECT_CONVERSION = YES_AGGRESSIVE;
				CLANG_CXX_LANGUAGE_STANDARD = "gnu++14";
				CLANG_CXX_LIBRARY = "libc++";
				CLANG_ENABLE_MODULES = YES;
				CLANG_ENABLE_OBJC_ARC = YES;
				CLANG_WARN_BLOCK_CAPTURE_AUTORELEASING = YES;
				CLANG_WARN_BOOL_CONVERSION = YES;
				CLANG_WARN_COMMA = YES;
				CLANG_WARN_CONSTANT_CONVERSION = YES;
				CLANG_WARN_DIRECT_OBJC_ISA_USAGE = YES_ERROR;
				CLANG_WARN_DOCUMENTATION_COMMENTS = YES;
				CLANG_WARN_EMPTY_BODY = YES;
				CLANG_WARN_ENUM_CONVERSION = YES;
				CLANG_WARN_INFINITE_RECURSION = YES;
				CLANG_WARN_INT_CONVERSION = YES;
				CLANG_WARN_NON_LITERAL_NULL_CONVERSION = YES;
				CLANG_WARN_OBJC_LITERAL_CONVERSION = YES;
				CLANG_WARN_OBJC_ROOT_CLASS = YES_ERROR;
				CLANG_WARN_RANGE_LOOP_ANALYSIS = YES;
				CLANG_WARN_STRICT_PROTOTYPES = YES;
				CLANG_WARN_SUSPICIOUS_MOVE = YES;
				CLANG_WARN_UNGUARDED_AVAILABILITY = YES_AGGRESSIVE;
				CLANG_WARN_UNREACHABLE_CODE = YES;
				CLANG_WARN__DUPLICATE_METHOD_MATCH = YES;
				CODE_SIGN_IDENTITY = "iPhone Developer";
				COPY_PHASE_STRIP = NO;
				DEBUG_INFORMATION_FORMAT = dwarf;
				ENABLE_STRICT_OBJC_MSGSEND = YES;
				ENABLE_TESTABILITY = YES;
				GCC_C_LANGUAGE_STANDARD = gnu11;
				GCC_DYNAMIC_NO_PIC = NO;
				GCC_NO_COMMON_BLOCKS = YES;
				GCC_OPTIMIZATION_LEVEL = 0;
				GCC_PREPROCESSOR_DEFINITIONS = (
					"DEBUG=1",
					"$(inherited)",
				);
				GCC_WARN_64_TO_32_BIT_CONVERSION = YES;
				GCC_WARN_ABOUT_RETURN_TYPE = YES_ERROR;
				GCC_WARN_UNDECLARED_SELECTOR = YES;
				GCC_WARN_UNINITIALIZED_AUTOS = YES_AGGRESSIVE;
				GCC_WARN_UNUSED_FUNCTION = YES;
				GCC_WARN_UNUSED_VARIABLE = YES;
				IPHONEOS_DEPLOYMENT_TARGET = 11.2;
				MTL_ENABLE_DEBUG_INFO = YES;
				ONLY_ACTIVE_ARCH = YES;
				SDKROOT = iphoneos;
				SWIFT_ACTIVE_COMPILATION_CONDITIONS = DEBUG;
				SWIFT_OPTIMIZATION_LEVEL = "-Onone";
			};
			name = Debug;
		};
		4503D60F1FDA8C8E00C740A3 /* Release */ = {
			isa = XCBuildConfiguration;
			buildSettings = {
				ALWAYS_SEARCH_USER_PATHS = NO;
				CLANG_ANALYZER_NONNULL = YES;
				CLANG_ANALYZER_NUMBER_OBJECT_CONVERSION = YES_AGGRESSIVE;
				CLANG_CXX_LANGUAGE_STANDARD = "gnu++14";
				CLANG_CXX_LIBRARY = "libc++";
				CLANG_ENABLE_MODULES = YES;
				CLANG_ENABLE_OBJC_ARC = YES;
				CLANG_WARN_BLOCK_CAPTURE_AUTORELEASING = YES;
				CLANG_WARN_BOOL_CONVERSION = YES;
				CLANG_WARN_COMMA = YES;
				CLANG_WARN_CONSTANT_CONVERSION = YES;
				CLANG_WARN_DIRECT_OBJC_ISA_USAGE = YES_ERROR;
				CLANG_WARN_DOCUMENTATION_COMMENTS = YES;
				CLANG_WARN_EMPTY_BODY = YES;
				CLANG_WARN_ENUM_CONVERSION = YES;
				CLANG_WARN_INFINITE_RECURSION = YES;
				CLANG_WARN_INT_CONVERSION = YES;
				CLANG_WARN_NON_LITERAL_NULL_CONVERSION = YES;
				CLANG_WARN_OBJC_LITERAL_CONVERSION = YES;
				CLANG_WARN_OBJC_ROOT_CLASS = YES_ERROR;
				CLANG_WARN_RANGE_LOOP_ANALYSIS = YES;
				CLANG_WARN_STRICT_PROTOTYPES = YES;
				CLANG_WARN_SUSPICIOUS_MOVE = YES;
				CLANG_WARN_UNGUARDED_AVAILABILITY = YES_AGGRESSIVE;
				CLANG_WARN_UNREACHABLE_CODE = YES;
				CLANG_WARN__DUPLICATE_METHOD_MATCH = YES;
				CODE_SIGN_IDENTITY = "iPhone Developer";
				COPY_PHASE_STRIP = NO;
				DEBUG_INFORMATION_FORMAT = "dwarf-with-dsym";
				ENABLE_NS_ASSERTIONS = NO;
				ENABLE_STRICT_OBJC_MSGSEND = YES;
				GCC_C_LANGUAGE_STANDARD = gnu11;
				GCC_NO_COMMON_BLOCKS = YES;
				GCC_WARN_64_TO_32_BIT_CONVERSION = YES;
				GCC_WARN_ABOUT_RETURN_TYPE = YES_ERROR;
				GCC_WARN_UNDECLARED_SELECTOR = YES;
				GCC_WARN_UNINITIALIZED_AUTOS = YES_AGGRESSIVE;
				GCC_WARN_UNUSED_FUNCTION = YES;
				GCC_WARN_UNUSED_VARIABLE = YES;
				IPHONEOS_DEPLOYMENT_TARGET = 11.2;
				MTL_ENABLE_DEBUG_INFO = NO;
				SDKROOT = iphoneos;
				SWIFT_OPTIMIZATION_LEVEL = "-Owholemodule";
				VALIDATE_PRODUCT = YES;
			};
			name = Release;
		};
		4503D6111FDA8C8E00C740A3 /* Debug */ = {
			isa = XCBuildConfiguration;
			baseConfigurationReference = 424E377DB388B8DEA9FA200D /* Pods-PixelMe.debug.xcconfig */;
			buildSettings = {
				ASSETCATALOG_COMPILER_APPICON_NAME = AppIcon;
				CODE_SIGN_STYLE = Automatic;
				DEVELOPMENT_TEAM = 8MJJ635US2;
				INFOPLIST_FILE = PixelMe/Info.plist;
				IPHONEOS_DEPLOYMENT_TARGET = 11.0;
				LD_RUNPATH_SEARCH_PATHS = "$(inherited) @executable_path/Frameworks";
				PRODUCT_BUNDLE_IDENTIFIER = com.vincentoffroy.PixelMe;
				PRODUCT_NAME = "$(TARGET_NAME)";
				SWIFT_VERSION = 4.0;
				TARGETED_DEVICE_FAMILY = "1,2";
			};
			name = Debug;
		};
		4503D6121FDA8C8E00C740A3 /* Release */ = {
			isa = XCBuildConfiguration;
			baseConfigurationReference = 8B8BB7CD57A0512877D0CBDD /* Pods-PixelMe.release.xcconfig */;
			buildSettings = {
				ASSETCATALOG_COMPILER_APPICON_NAME = AppIcon;
				CODE_SIGN_STYLE = Automatic;
				DEVELOPMENT_TEAM = 8MJJ635US2;
				INFOPLIST_FILE = PixelMe/Info.plist;
				IPHONEOS_DEPLOYMENT_TARGET = 11.0;
				LD_RUNPATH_SEARCH_PATHS = "$(inherited) @executable_path/Frameworks";
				PRODUCT_BUNDLE_IDENTIFIER = com.vincentoffroy.PixelMe;
				PRODUCT_NAME = "$(TARGET_NAME)";
				SWIFT_VERSION = 4.0;
				TARGETED_DEVICE_FAMILY = "1,2";
			};
			name = Release;
		};
/* End XCBuildConfiguration section */

/* Begin XCConfigurationList section */
		4503D5F91FDA8C8E00C740A3 /* Build configuration list for PBXProject "PixelMe" */ = {
			isa = XCConfigurationList;
			buildConfigurations = (
				4503D60E1FDA8C8E00C740A3 /* Debug */,
				4503D60F1FDA8C8E00C740A3 /* Release */,
			);
			defaultConfigurationIsVisible = 0;
			defaultConfigurationName = Release;
		};
		4503D6101FDA8C8E00C740A3 /* Build configuration list for PBXNativeTarget "PixelMe" */ = {
			isa = XCConfigurationList;
			buildConfigurations = (
				4503D6111FDA8C8E00C740A3 /* Debug */,
				4503D6121FDA8C8E00C740A3 /* Release */,
			);
			defaultConfigurationIsVisible = 0;
			defaultConfigurationName = Release;
		};
/* End XCConfigurationList section */
	};
	rootObject = 4503D5F61FDA8C8E00C740A3 /* Project object */;
}
